
Microsoft Visual Studio Solution File, Format Version 12.00
# Visual Studio Version 16
VisualStudioVersion = 25.0.1704.0
MinimumVisualStudioVersion = 10.0.40219.1
Project("{FAE04EC0-301F-11D3-BF4B-00C04F79EFBC}") = "CSharp.Intermediate.Microservice.Restful", "CSharp.Intermediate.Microservice.Restful\CSharp.Intermediate.Microservice.Restful.csproj", "{1ADCB510-F2D3-45F3-98A8-DCBA4BFCB8D4}"
EndProject
Global
	GlobalSection(SolutionConfigurationPlatforms) = preSolution
		Debug|Any CPU = Debug|Any CPU
		Release|Any CPU = Release|Any CPU
	EndGlobalSection
	GlobalSection(ProjectConfigurationPlatforms) = postSolution
		{1ADCB510-F2D3-45F3-98A8-DCBA4BFCB8D4}.Debug|Any CPU.ActiveCfg = Debug|Any CPU
		{1ADCB510-F2D3-45F3-98A8-DCBA4BFCB8D4}.Debug|Any CPU.Build.0 = Debug|Any CPU
		{1ADCB510-F2D3-45F3-98A8-DCBA4BFCB8D4}.Release|Any CPU.ActiveCfg = Release|Any CPU
		{1ADCB510-F2D3-45F3-98A8-DCBA4BFCB8D4}.Release|Any CPU.Build.0 = Release|Any CPU
	EndGlobalSection
	GlobalSection(SolutionProperties) = preSolution
		HideSolutionNode = FALSE
	EndGlobalSection
	GlobalSection(ExtensibilityGlobals) = postSolution
		SolutionGuid = {4F13073B-F716-438C-9E4A-0790C2417861}
	EndGlobalSection
EndGlobal
